{
  "version": 4,
  "terraform_version": "1.5.7",
  "serial": 73,
  "lineage": "a5b7d269-8359-7476-affe-0378ff51697a",
  "outputs": {},
  "resources": [
    {
      "mode": "data",
      "type": "aws_ami",
      "name": "amazon_linux",
      "provider": "provider[\"registry.terraform.io/hashicorp/aws\"]",
      "instances": [
        {
          "schema_version": 0,
          "attributes": {
            "allow_unsafe_filter": null,
            "architecture": "x86_64",
            "arn": "arn:aws:ec2:us-east-1::image/ami-0871b7e0b83ae16c4",
            "block_device_mappings": [
              {
                "device_name": "/dev/xvda",
                "ebs": {
                  "delete_on_termination": "true",
                  "encrypted": "false",
                  "iops": "0",
                  "snapshot_id": "snap-056ef849646c31290",
                  "throughput": "0",
                  "volume_initialization_rate": "0",
                  "volume_size": "8",
                  "volume_type": "gp2"
                },
                "no_device": "",
                "virtual_name": ""
              }
            ],
            "boot_mode": "",
            "creation_date": "2025-07-07T22:26:26.000Z",
            "deprecation_time": "2025-10-05T22:26:00.000Z",
            "description": "Amazon Linux 2 AMI 2.0.20250707.0 x86_64 HVM gp2",
            "ena_support": true,
            "executable_users": null,
            "filter": [
              {
                "name": "name",
                "values": [
                  "amzn2-ami-hvm-*"
                ]
              },
              {
                "name": "owner-alias",
                "values": [
                  "amazon"
                ]
              }
            ],
            "hypervisor": "xen",
            "id": "ami-0871b7e0b83ae16c4",
            "image_id": "ami-0871b7e0b83ae16c4",
            "image_location": "amazon/amzn2-ami-hvm-2.0.20250707.0-x86_64-gp2",
            "image_owner_alias": "amazon",
            "image_type": "machine",
            "imds_support": "",
            "include_deprecated": false,
            "kernel_id": "",
            "last_launched_time": "",
            "most_recent": true,
            "name": "amzn2-ami-hvm-2.0.20250707.0-x86_64-gp2",
            "name_regex": null,
            "owner_id": "137112412989",
            "owners": [
              "amazon"
            ],
            "platform": "",
            "platform_details": "Linux/UNIX",
            "product_codes": [],
            "public": true,
            "ramdisk_id": "",
            "region": "us-east-1",
            "root_device_name": "/dev/xvda",
            "root_device_type": "ebs",
            "root_snapshot_id": "snap-056ef849646c31290",
            "sriov_net_support": "simple",
            "state": "available",
            "state_reason": {
              "code": "UNSET",
              "message": "UNSET"
            },
            "tags": {},
            "timeouts": null,
            "tpm_support": "",
            "uefi_data": null,
            "usage_operation": "RunInstances",
            "virtualization_type": "hvm"
          },
          "sensitive_attributes": []
        }
      ]
    },
    {
      "mode": "managed",
      "type": "aws_instance",
      "name": "nginx",
      "provider": "provider[\"registry.terraform.io/hashicorp/aws\"]",
      "instances": [
        {
          "schema_version": 2,
          "attributes": {
            "ami": "ami-0871b7e0b83ae16c4",
            "arn": "arn:aws:ec2:us-east-1:766843784483:instance/i-042bca5550c43485b",
            "associate_public_ip_address": true,
            "availability_zone": "us-east-1a",
            "capacity_reservation_specification": [
              {
                "capacity_reservation_preference": "open",
                "capacity_reservation_target": []
              }
            ],
            "cpu_options": [
              {
                "amd_sev_snp": "",
                "core_count": 1,
                "threads_per_core": 1
              }
            ],
            "credit_specification": [
              {
                "cpu_credits": "standard"
              }
            ],
            "disable_api_stop": false,
            "disable_api_termination": false,
            "ebs_block_device": [],
            "ebs_optimized": false,
            "enable_primary_ipv6": null,
            "enclave_options": [
              {
                "enabled": false
              }
            ],
            "ephemeral_block_device": [],
            "get_password_data": false,
            "hibernation": false,
            "host_id": "",
            "host_resource_group_arn": null,
            "iam_instance_profile": "",
            "id": "i-042bca5550c43485b",
            "instance_initiated_shutdown_behavior": "stop",
            "instance_lifecycle": "",
            "instance_market_options": [],
            "instance_state": "running",
            "instance_type": "t2.nano",
            "ipv6_address_count": 0,
            "ipv6_addresses": [],
            "key_name": "deployer-key",
            "launch_template": [],
            "maintenance_options": [
              {
                "auto_recovery": "default"
              }
            ],
            "metadata_options": [
              {
                "http_endpoint": "enabled",
                "http_protocol_ipv6": "disabled",
                "http_put_response_hop_limit": 1,
                "http_tokens": "optional",
                "instance_metadata_tags": "disabled"
              }
            ],
            "monitoring": false,
            "network_interface": [],
            "outpost_arn": "",
            "password_data": "",
            "placement_group": "",
            "placement_partition_number": 0,
            "primary_network_interface_id": "eni-098cba48d24b5988b",
            "private_dns": "ip-10-0-1-126.ec2.internal",
            "private_dns_name_options": [
              {
                "enable_resource_name_dns_a_record": false,
                "enable_resource_name_dns_aaaa_record": false,
                "hostname_type": "ip-name"
              }
            ],
            "private_ip": "10.0.1.126",
            "public_dns": "",
            "public_ip": "107.23.234.229",
            "region": "us-east-1",
            "root_block_device": [
              {
                "delete_on_termination": true,
                "device_name": "/dev/xvda",
                "encrypted": false,
                "iops": 100,
                "kms_key_id": "",
                "tags": {},
                "tags_all": {},
                "throughput": 0,
                "volume_id": "vol-02837918aeacf1c02",
                "volume_size": 8,
                "volume_type": "gp2"
              }
            ],
            "secondary_private_ips": [],
            "security_groups": [],
            "source_dest_check": true,
            "spot_instance_request_id": "",
            "subnet_id": "subnet-09c6bd4728bddca5f",
            "tags": {},
            "tags_all": {},
            "tenancy": "default",
            "timeouts": null,
            "user_data": "sudo yum update -y\nsudo amazon-linux-extras install nginx1 -y\nsudo systemctl start nginx\nsudo systemctl enable nginx\n",
            "user_data_base64": null,
            "user_data_replace_on_change": false,
            "volume_tags": null,
            "vpc_security_group_ids": [
              "sg-02c96fe07954766aa"
            ]
          },
          "sensitive_attributes": [],
          "private": "eyJlMmJmYjczMC1lY2FhLTExZTYtOGY4OC0zNDM2M2JjN2M0YzAiOnsiY3JlYXRlIjo2MDAwMDAwMDAwMDAsImRlbGV0ZSI6MTIwMDAwMDAwMDAwMCwicmVhZCI6OTAwMDAwMDAwMDAwLCJ1cGRhdGUiOjYwMDAwMDAwMDAwMH0sInNjaGVtYV92ZXJzaW9uIjoiMiJ9",
          "dependencies": [
            "aws_key_pair.deployer",
            "aws_security_group.sec",
            "aws_subnet.subnet",
            "aws_vpc.vpc",
            "data.aws_ami.amazon_linux",
            "tls_private_key.key"
          ]
        }
      ]
    },
    {
      "mode": "managed",
      "type": "aws_internet_gateway",
      "name": "gateway",
      "provider": "provider[\"registry.terraform.io/hashicorp/aws\"]",
      "instances": [
        {
          "schema_version": 0,
          "attributes": {
            "arn": "arn:aws:ec2:us-east-1:766843784483:internet-gateway/igw-023b53557a2841348",
            "id": "igw-023b53557a2841348",
            "owner_id": "766843784483",
            "region": "us-east-1",
            "tags": {
              "Name": "internet-gateway-for-custom-vpc"
            },
            "tags_all": {
              "Name": "internet-gateway-for-custom-vpc"
            },
            "timeouts": null,
            "vpc_id": "vpc-000b56445daafd92f"
          },
          "sensitive_attributes": [],
          "private": "eyJlMmJmYjczMC1lY2FhLTExZTYtOGY4OC0zNDM2M2JjN2M0YzAiOnsiY3JlYXRlIjoxMjAwMDAwMDAwMDAwLCJkZWxldGUiOjEyMDAwMDAwMDAwMDAsInVwZGF0ZSI6MTIwMDAwMDAwMDAwMH19",
          "dependencies": [
            "aws_vpc.vpc"
          ]
        }
      ]
    },
    {
      "mode": "managed",
      "type": "aws_key_pair",
      "name": "deployer",
      "provider": "provider[\"registry.terraform.io/hashicorp/aws\"]",
      "instances": [
        {
          "schema_version": 1,
          "attributes": {
            "arn": "arn:aws:ec2:us-east-1:766843784483:key-pair/deployer-key",
            "fingerprint": "2c:d2:10:ca:b2:cb:ae:73:25:2f:df:5a:70:9b:f6:df",
            "id": "deployer-key",
            "key_name": "deployer-key",
            "key_name_prefix": "",
            "key_pair_id": "key-0930735b0987736e0",
            "key_type": "rsa",
            "public_key": "ssh-rsa AAAAB3NzaC1yc2EAAAADAQABAAABAQDOPGhk6FlXv1TSTHdYDC1nwIUylpeqg2mkZNSQJ1fwjA52P2GoKdYwPQLrmjAMP/Pf2XElPRrZVOvXslFmK/QcSpZ4y7tDjhcmKSNDTtFm0Srxklvlm8spCQvbOrdoAOAsvEyiHID/4qRpFFcgEoAHQaczNkSaTJ8AXjqEKPhDMfeMaS7exVtALrLMN508l2Y3o4haeRcUsF3f4fX8zukC+j4s/UVL0WKFeli+sZ50GmtsRniQZ0wSHCoceWKXu9Gv7ehteLdDznHuvAEUf3yoWPr3sYOFp0ynHfv/h2yDZ7AzQI0G7O4RIkS1dsjYxVjtheQw1X0ox1VmdarUfO9t",
            "region": "us-east-1",
            "tags": {},
            "tags_all": {}
          },
          "sensitive_attributes": [],
          "private": "eyJzY2hlbWFfdmVyc2lvbiI6IjEifQ==",
          "dependencies": [
            "tls_private_key.key"
          ]
        }
      ]
    },
    {
      "mode": "managed",
      "type": "aws_route_table",
      "name": "route_table",
      "provider": "provider[\"registry.terraform.io/hashicorp/aws\"]",
      "instances": [
        {
          "schema_version": 0,
          "attributes": {
            "arn": "arn:aws:ec2:us-east-1:766843784483:route-table/rtb-0639d37797e9be37b",
            "id": "rtb-0639d37797e9be37b",
            "owner_id": "766843784483",
            "propagating_vgws": [],
            "region": "us-east-1",
            "route": [
              {
                "carrier_gateway_id": "",
                "cidr_block": "0.0.0.0/0",
                "core_network_arn": "",
                "destination_prefix_list_id": "",
                "egress_only_gateway_id": "",
                "gateway_id": "igw-023b53557a2841348",
                "ipv6_cidr_block": "",
                "local_gateway_id": "",
                "nat_gateway_id": "",
                "network_interface_id": "",
                "transit_gateway_id": "",
                "vpc_endpoint_id": "",
                "vpc_peering_connection_id": ""
              }
            ],
            "tags": {
              "Name": "route_table"
            },
            "tags_all": {
              "Name": "route_table"
            },
            "timeouts": null,
            "vpc_id": "vpc-000b56445daafd92f"
          },
          "sensitive_attributes": [],
          "private": "eyJlMmJmYjczMC1lY2FhLTExZTYtOGY4OC0zNDM2M2JjN2M0YzAiOnsiY3JlYXRlIjozMDAwMDAwMDAwMDAsImRlbGV0ZSI6MzAwMDAwMDAwMDAwLCJ1cGRhdGUiOjEyMDAwMDAwMDAwMH19",
          "dependencies": [
            "aws_internet_gateway.gateway",
            "aws_vpc.vpc"
          ]
        }
      ]
    },
    {
      "mode": "managed",
      "type": "aws_route_table_association",
      "name": "a",
      "provider": "provider[\"registry.terraform.io/hashicorp/aws\"]",
      "instances": [
        {
          "schema_version": 0,
          "attributes": {
            "gateway_id": "",
            "id": "rtbassoc-00f49d4468d129c5d",
            "region": "us-east-1",
            "route_table_id": "rtb-0639d37797e9be37b",
            "subnet_id": "subnet-09c6bd4728bddca5f",
            "timeouts": null
          },
          "sensitive_attributes": [],
          "private": "eyJlMmJmYjczMC1lY2FhLTExZTYtOGY4OC0zNDM2M2JjN2M0YzAiOnsiY3JlYXRlIjozMDAwMDAwMDAwMDAsImRlbGV0ZSI6MzAwMDAwMDAwMDAwLCJ1cGRhdGUiOjEyMDAwMDAwMDAwMH19",
          "dependencies": [
            "aws_internet_gateway.gateway",
            "aws_route_table.route_table",
            "aws_subnet.subnet",
            "aws_vpc.vpc"
          ]
        }
      ]
    },
    {
      "mode": "managed",
      "type": "aws_security_group",
      "name": "sec",
      "provider": "provider[\"registry.terraform.io/hashicorp/aws\"]",
      "instances": [
        {
          "schema_version": 1,
          "attributes": {
            "arn": "arn:aws:ec2:us-east-1:766843784483:security-group/sg-02c96fe07954766aa",
            "description": "Allow TLS inbound traffic and all outbound traffic",
            "egress": [
              {
                "cidr_blocks": [
                  "0.0.0.0/0"
                ],
                "description": "",
                "from_port": 0,
                "ipv6_cidr_blocks": [],
                "prefix_list_ids": [],
                "protocol": "-1",
                "security_groups": [],
                "self": false,
                "to_port": 0
              }
            ],
            "id": "sg-02c96fe07954766aa",
            "ingress": [
              {
                "cidr_blocks": [
                  "0.0.0.0/0"
                ],
                "description": "",
                "from_port": 0,
                "ipv6_cidr_blocks": [],
                "prefix_list_ids": [],
                "protocol": "tcp",
                "security_groups": [],
                "self": false,
                "to_port": 65535
              }
            ],
            "name": "allow_tls",
            "name_prefix": "",
            "owner_id": "766843784483",
            "region": "us-east-1",
            "revoke_rules_on_delete": false,
            "tags": {
              "Name": "allow_tls"
            },
            "tags_all": {
              "Name": "allow_tls"
            },
            "timeouts": null,
            "vpc_id": "vpc-000b56445daafd92f"
          },
          "sensitive_attributes": [],
          "private": "eyJlMmJmYjczMC1lY2FhLTExZTYtOGY4OC0zNDM2M2JjN2M0YzAiOnsiY3JlYXRlIjo2MDAwMDAwMDAwMDAsImRlbGV0ZSI6OTAwMDAwMDAwMDAwfSwic2NoZW1hX3ZlcnNpb24iOiIxIn0=",
          "dependencies": [
            "aws_vpc.vpc"
          ]
        }
      ]
    },
    {
      "mode": "managed",
      "type": "aws_security_group_rule",
      "name": "egress",
      "provider": "provider[\"registry.terraform.io/hashicorp/aws\"]",
      "instances": [
        {
          "schema_version": 2,
          "attributes": {
            "cidr_blocks": [
              "0.0.0.0/0"
            ],
            "description": null,
            "from_port": 0,
            "id": "sgrule-2119513059",
            "ipv6_cidr_blocks": null,
            "prefix_list_ids": null,
            "protocol": "-1",
            "region": "us-east-1",
            "security_group_id": "sg-02c96fe07954766aa",
            "security_group_rule_id": "sgr-0f57e8b439735e59d",
            "self": false,
            "source_security_group_id": null,
            "timeouts": null,
            "to_port": 0,
            "type": "egress"
          },
          "sensitive_attributes": [],
          "private": "eyJlMmJmYjczMC1lY2FhLTExZTYtOGY4OC0zNDM2M2JjN2M0YzAiOnsiY3JlYXRlIjozMDAwMDAwMDAwMDB9LCJzY2hlbWFfdmVyc2lvbiI6IjIifQ==",
          "dependencies": [
            "aws_security_group.sec",
            "aws_vpc.vpc"
          ]
        }
      ]
    },
    {
      "mode": "managed",
      "type": "aws_security_group_rule",
      "name": "security",
      "provider": "provider[\"registry.terraform.io/hashicorp/aws\"]",
      "instances": [
        {
          "schema_version": 2,
          "attributes": {
            "cidr_blocks": [
              "0.0.0.0/0"
            ],
            "description": null,
            "from_port": 0,
            "id": "sgrule-2094407782",
            "ipv6_cidr_blocks": null,
            "prefix_list_ids": null,
            "protocol": "tcp",
            "region": "us-east-1",
            "security_group_id": "sg-02c96fe07954766aa",
            "security_group_rule_id": "sgr-0f9f6091f84e126a5",
            "self": false,
            "source_security_group_id": null,
            "timeouts": null,
            "to_port": 65535,
            "type": "ingress"
          },
          "sensitive_attributes": [],
          "private": "eyJlMmJmYjczMC1lY2FhLTExZTYtOGY4OC0zNDM2M2JjN2M0YzAiOnsiY3JlYXRlIjozMDAwMDAwMDAwMDB9LCJzY2hlbWFfdmVyc2lvbiI6IjIifQ==",
          "dependencies": [
            "aws_security_group.sec",
            "aws_vpc.vpc"
          ]
        }
      ]
    },
    {
      "mode": "managed",
      "type": "aws_subnet",
      "name": "subnet",
      "provider": "provider[\"registry.terraform.io/hashicorp/aws\"]",
      "instances": [
        {
          "schema_version": 1,
          "attributes": {
            "arn": "arn:aws:ec2:us-east-1:766843784483:subnet/subnet-09c6bd4728bddca5f",
            "assign_ipv6_address_on_creation": false,
            "availability_zone": "us-east-1a",
            "availability_zone_id": "use1-az6",
            "cidr_block": "10.0.1.0/24",
            "customer_owned_ipv4_pool": "",
            "enable_dns64": false,
            "enable_lni_at_device_index": 0,
            "enable_resource_name_dns_a_record_on_launch": false,
            "enable_resource_name_dns_aaaa_record_on_launch": false,
            "id": "subnet-09c6bd4728bddca5f",
            "ipv6_cidr_block": "",
            "ipv6_cidr_block_association_id": "",
            "ipv6_native": false,
            "map_customer_owned_ip_on_launch": false,
            "map_public_ip_on_launch": false,
            "outpost_arn": "",
            "owner_id": "766843784483",
            "private_dns_hostname_type_on_launch": "ip-name",
            "region": "us-east-1",
            "tags": {
              "Name": "Main"
            },
            "tags_all": {
              "Name": "Main"
            },
            "timeouts": null,
            "vpc_id": "vpc-000b56445daafd92f"
          },
          "sensitive_attributes": [],
          "private": "eyJlMmJmYjczMC1lY2FhLTExZTYtOGY4OC0zNDM2M2JjN2M0YzAiOnsiY3JlYXRlIjo2MDAwMDAwMDAwMDAsImRlbGV0ZSI6MTIwMDAwMDAwMDAwMH0sInNjaGVtYV92ZXJzaW9uIjoiMSJ9",
          "dependencies": [
            "aws_vpc.vpc"
          ]
        }
      ]
    },
    {
      "mode": "managed",
      "type": "aws_vpc",
      "name": "vpc",
      "provider": "provider[\"registry.terraform.io/hashicorp/aws\"]",
      "instances": [
        {
          "schema_version": 1,
          "attributes": {
            "arn": "arn:aws:ec2:us-east-1:766843784483:vpc/vpc-000b56445daafd92f",
            "assign_generated_ipv6_cidr_block": false,
            "cidr_block": "10.0.0.0/16",
            "default_network_acl_id": "acl-049c4e4bf6102dba3",
            "default_route_table_id": "rtb-026cd3b11e786a385",
            "default_security_group_id": "sg-0f9b81c68de76c900",
            "dhcp_options_id": "dopt-07be5b27429ca6017",
            "enable_dns_hostnames": false,
            "enable_dns_support": true,
            "enable_network_address_usage_metrics": false,
            "id": "vpc-000b56445daafd92f",
            "instance_tenancy": "default",
            "ipv4_ipam_pool_id": null,
            "ipv4_netmask_length": null,
            "ipv6_association_id": "",
            "ipv6_cidr_block": "",
            "ipv6_cidr_block_network_border_group": "",
            "ipv6_ipam_pool_id": "",
            "ipv6_netmask_length": 0,
            "main_route_table_id": "rtb-026cd3b11e786a385",
            "owner_id": "766843784483",
            "region": "us-east-1",
            "tags": {
              "Name": "main-vpc"
            },
            "tags_all": {
              "Name": "main-vpc"
            }
          },
          "sensitive_attributes": [],
          "private": "eyJzY2hlbWFfdmVyc2lvbiI6IjEifQ=="
        }
      ]
    },
    {
      "mode": "managed",
      "type": "local_file",
      "name": "cloud_pem",
      "provider": "provider[\"registry.terraform.io/hashicorp/local\"]",
      "instances": [
        {
          "schema_version": 0,
          "attributes": {
            "content": "-----BEGIN RSA PRIVATE KEY-----\nMIIEowIBAAKCAQEAzjxoZOhZV79U0kx3WAwtZ8CFMpaXqoNppGTUkCdX8IwOdj9h\nqCnWMD0C65owDD/z39lxJT0a2VTr17JRZiv0HEqWeMu7Q44XJikjQ07RZtEq8ZJb\n5ZvLKQkL2zq3aADgLLxMohyA/+KkaRRXIBKAB0GnMzZEmkyfAF46hCj4QzH3jGku\n3sVbQC6yzDedPJdmN6OIWnkXFLBd3+H1/M7pAvo+LP1FS9FihXpYvrGedBprbEZ4\nkGdMEhwqHHlil7vRr+3obXi3Q85x7rwBFH98qFj697GDhadMpx37/4dsg2ewM0CN\nBuzuESJEtXbI2MVY7YXkMNV9KMdVZnWq1HzvbQIDAQABAoIBAAyc1SWWsCAVq3JR\nCttvozc9Jug5HX1oHAXZxMYsIcysRBYnOim2pUq98HfILjgRkTCXc7v7SLER6HqA\nhUniVkOErD8m9oTjI7dJvMZZA6VuFVpAwS4BoSMZUohNxvmtVAhoW6duZtU/Xx6u\nB8YGW54V/cu7/eYR2YeEO7/pYYV6ZKmrAFjaCKmxc+0va69/7jSuhk68rk9yvUaf\ntBK67gtP/1BLQyQBN4dDHSeOvgsm0oFmNXlbBeNHC0yEfL/OVwz0WJANz6bfHu1P\ndoA0vcsPG8kPZiJEfOUwU+LPEB1AaPfdBN37lhvz/3x94QFLJrjQUkY1Byk0TBU0\nOqKHKGECgYEA8+U9cYChccVkidSXk4FOMkaO7TR3xVUlE0dMUtOXVs3FNRzSnBiU\n2AcGTrnX0WATQ7qxhhs0Yvc0xqUUxlbaXXtoufBGhbxXv3mwo9PiKjp9OQvAD6eZ\n/9Wz6mGNhOmUIrlfkIIzCLyGhA4BFy5unNjXwFPAqqplwiivUB2sdd8CgYEA2Hix\nfL0HtiTPa/4N17mFpRWRms/4T3DJVDexDtJqG8XwZYgU+wDh30kkjjEOlcWJmqZL\ncC+skljtnHfq6qt6TzRNpMFCkEWgOhgmM+JjMsLg8Ou9YmM/8LwhcPg7H4hrbURa\nztmFAPPmIrsLkgmgUIWq4IIr+/7tPtWD7//FDDMCgYAQXBQfBO3PX9o6lJQGROol\n3S3BI3/VMLzn6iRoeeDw5aSQx3opFk0FoJL/vN+JH9Sq+l7mC/UbnlFf8brPAwxq\nsNh5gHB6kAOiyFrc4l2NT5cOuIcNhcSCsKb81cZUYAabvat3WgRqVZsASKAyGd85\njiIKuJN33y4sM+ZujU8AKQKBgQCMPZTu9R/71tkyY4LgUWbNzq1oGHgML0ufbf0d\nVyA7If9eJ80/2BB9Mcum+w0x5qoBMN8KrTgmD8rQZbghlDpG+eGbbUEMaq8lM+P8\nFRyjFDHaoz8scJRKB/e6UncrNJw0S+Zwv+c0+M4NjhQu5mGgCRjtHigUt9FHtdgm\nMhOclQKBgAeAwckJgS80xHpzOyZm2jmNrrOxmz1xf/qWEVfzrwEZ1Igfo/vgWkce\nPeQNXAE5hLevOENBBpDxFGJj7rtYQ5AW5JN72nsmsfANDU3FvqE/AibsNQiOoSB9\nMmC3Jz2Ynqi6vgpKniWL+IMZvb8RNmuCKKuGlF7ZOZsFvzFCW94Y\n-----END RSA PRIVATE KEY-----\n",
            "content_base64": null,
            "content_base64sha256": "XvG3vYFJffbXO62jF+8JITS9ilYXA7F6E98e2LWuudQ=",
            "content_base64sha512": "Kck95V2+b5pl3UayHO8zhtX7778G7xDzQ0diZfLvc80sDHx9eXibnBp5459vxV14IkdCLG4JEKZmnfG+7yWnKg==",
            "content_md5": "525c927b881ec505f64466510a0afbe7",
            "content_sha1": "add2d9de3985ba15f647cf0b726a0ece93239dcd",
            "content_sha256": "5ef1b7bd81497df6d73bada317ef092134bd8a561703b17a13df1ed8b5aeb9d4",
            "content_sha512": "29c93de55dbe6f9a65dd46b21cef3386d5fbefbf06ef10f343476265f2ef73cd2c0c7c7d79789b9c1a79e39f6fc55d782247422c6e0910a6669df1beef25a72a",
            "directory_permission": "0777",
            "file_permission": "0777",
            "filename": "key.pem",
            "id": "add2d9de3985ba15f647cf0b726a0ece93239dcd",
            "sensitive_content": null,
            "source": null
          },
          "sensitive_attributes": [
            [
              {
                "type": "get_attr",
                "value": "content"
              }
            ]
          ],
          "dependencies": [
            "tls_private_key.key"
          ]
        }
      ]
    },
    {
      "mode": "managed",
      "type": "local_file",
      "name": "file_loop",
      "provider": "provider[\"registry.terraform.io/hashicorp/local\"]",
      "instances": [
        {
          "index_key": 0,
          "schema_version": 0,
          "attributes": {
            "content": "This is the content for red",
            "content_base64": null,
            "content_base64sha256": "4mdujUNM3UIaHCcvuaIaTfKYfNhTR1r/tz5hNlNS0ws=",
            "content_base64sha512": "6E14hpVKwJkc0Z+mttaUJzOZE96X98LGcjR/1tIocJfKG4TzZ77F0Vfa8CydEjDKC5gxtzDzoe58pINgE7Uc0Q==",
            "content_md5": "57d09c32256e6f5985aa65031b362ce1",
            "content_sha1": "e83cd364017ba6d79c7764a898bd76cfe9456666",
            "content_sha256": "e2676e8d434cdd421a1c272fb9a21a4df2987cd853475affb73e61365352d30b",
            "content_sha512": "e84d7886954ac0991cd19fa6b6d69427339913de97f7c2c672347fd6d2287097ca1b84f367bec5d157daf02c9d1230ca0b9831b730f3a1ee7ca4836013b51cd1",
            "directory_permission": "0777",
            "file_permission": "0777",
            "filename": "red.txt",
            "id": "e83cd364017ba6d79c7764a898bd76cfe9456666",
            "sensitive_content": null,
            "source": null
          },
          "sensitive_attributes": []
        },
        {
          "index_key": 1,
          "schema_version": 0,
          "attributes": {
            "content": "This is the content for green",
            "content_base64": null,
            "content_base64sha256": "5WXV48Tv322wxiVsvPrhIbwz04u6VZZ+1yRT85FP7Oo=",
            "content_base64sha512": "mfCVSdvdh91kesH8zTi9i9+0pS1rGuneu5wJErivkMB2bzEa3gkYo4EBGrbeZ4vEJpyecllQwdTQOEC19daf7g==",
            "content_md5": "a37c9eac3fdc7f0a2946cdf2abcd0e3d",
            "content_sha1": "8549a1b8124fc7330fd74b77ccdcd3515654453e",
            "content_sha256": "e565d5e3c4efdf6db0c6256cbcfae121bc33d38bba55967ed72453f3914fecea",
            "content_sha512": "99f09549dbdd87dd647ac1fccd38bd8bdfb4a52d6b1ae9debb9c0912b8af90c0766f311ade0918a381011ab6de678bc4269c9e725950c1d4d03840b5f5d69fee",
            "directory_permission": "0777",
            "file_permission": "0777",
            "filename": "green.txt",
            "id": "8549a1b8124fc7330fd74b77ccdcd3515654453e",
            "sensitive_content": null,
            "source": null
          },
          "sensitive_attributes": []
        },
        {
          "index_key": 2,
          "schema_version": 0,
          "attributes": {
            "content": "This is the content for blue",
            "content_base64": null,
            "content_base64sha256": "lX9zjpYf0dwYnfJp5Y2Mk7gJLzj1vEYaskP/sVD4AuY=",
            "content_base64sha512": "PzbWnMVoUPQ82YJPJm2bBTTjdyW3eAI5UAYfv8/Ri1609riC3qOXRUKEq4fUb6Hsf3LJGRz7crkrY+bEGOTizA==",
            "content_md5": "bcd5430d36ad515bb1c2aef174eb3184",
            "content_sha1": "2c5acdb17e2febdf34be84d6bf31caec0dffc831",
            "content_sha256": "957f738e961fd1dc189df269e58d8c93b8092f38f5bc461ab243ffb150f802e6",
            "content_sha512": "3f36d69cc56850f43cd9824f266d9b0534e37725b778023950061fbfcfd18b5eb4f6b882dea397454284ab87d46fa1ec7f72c9191cfb72b92b63e6c418e4e2cc",
            "directory_permission": "0777",
            "file_permission": "0777",
            "filename": "blue.txt",
            "id": "2c5acdb17e2febdf34be84d6bf31caec0dffc831",
            "sensitive_content": null,
            "source": null
          },
          "sensitive_attributes": []
        }
      ]
    },
    {
      "mode": "managed",
      "type": "tls_private_key",
      "name": "key",
      "provider": "provider[\"registry.terraform.io/hashicorp/tls\"]",
      "instances": [
        {
          "schema_version": 1,
          "attributes": {
            "algorithm": "RSA",
            "ecdsa_curve": "P224",
            "id": "49898cefebb7558ed8d41f4c3fb7d0aaaa2bf209",
            "private_key_openssh": "-----BEGIN OPENSSH PRIVATE KEY-----\nb3BlbnNzaC1rZXktdjEAAAAABG5vbmUAAAAEbm9uZQAAAAAAAAABAAABFwAAAAdz\nc2gtcnNhAAAAAwEAAQAAAQEAzjxoZOhZV79U0kx3WAwtZ8CFMpaXqoNppGTUkCdX\n8IwOdj9hqCnWMD0C65owDD/z39lxJT0a2VTr17JRZiv0HEqWeMu7Q44XJikjQ07R\nZtEq8ZJb5ZvLKQkL2zq3aADgLLxMohyA/+KkaRRXIBKAB0GnMzZEmkyfAF46hCj4\nQzH3jGku3sVbQC6yzDedPJdmN6OIWnkXFLBd3+H1/M7pAvo+LP1FS9FihXpYvrGe\ndBprbEZ4kGdMEhwqHHlil7vRr+3obXi3Q85x7rwBFH98qFj697GDhadMpx37/4ds\ng2ewM0CNBuzuESJEtXbI2MVY7YXkMNV9KMdVZnWq1HzvbQAAA7jR4ySY0eMkmAAA\nAAdzc2gtcnNhAAABAQDOPGhk6FlXv1TSTHdYDC1nwIUylpeqg2mkZNSQJ1fwjA52\nP2GoKdYwPQLrmjAMP/Pf2XElPRrZVOvXslFmK/QcSpZ4y7tDjhcmKSNDTtFm0Srx\nklvlm8spCQvbOrdoAOAsvEyiHID/4qRpFFcgEoAHQaczNkSaTJ8AXjqEKPhDMfeM\naS7exVtALrLMN508l2Y3o4haeRcUsF3f4fX8zukC+j4s/UVL0WKFeli+sZ50Gmts\nRniQZ0wSHCoceWKXu9Gv7ehteLdDznHuvAEUf3yoWPr3sYOFp0ynHfv/h2yDZ7Az\nQI0G7O4RIkS1dsjYxVjtheQw1X0ox1VmdarUfO9tAAAAAwEAAQAAAQAMnNUllrAg\nFatyUQrbb6M3PSboOR19aBwF2cTGLCHMrEQWJzoptqVKvfB3yC44EZEwl3O7+0ix\nEeh6gIVJ4lZDhKw/JvaE4yO3SbzGWQOlbhVaQMEuAaEjGVKITcb5rVQIaFunbmbV\nP18ergfGBlueFf3Lu/3mEdmHhDu/6WGFemSpqwBY2gipsXPtL2uvf+40roZOvK5P\ncr1Gn7QSuu4LT/9QS0MkATeHQx0njr4LJtKBZjV5WwXjRwtMhHy/zlcM9FiQDc+m\n3x7tT3aANL3LDxvJD2YiRHzlMFPizxAdQGj33QTd+5Yb8/98feEBSya40FJGNQcp\nNEwVNDqihyhhAAAAgAeAwckJgS80xHpzOyZm2jmNrrOxmz1xf/qWEVfzrwEZ1Igf\no/vgWkcePeQNXAE5hLevOENBBpDxFGJj7rtYQ5AW5JN72nsmsfANDU3FvqE/Aibs\nNQiOoSB9MmC3Jz2Ynqi6vgpKniWL+IMZvb8RNmuCKKuGlF7ZOZsFvzFCW94YAAAA\ngQDz5T1xgKFxxWSJ1JeTgU4yRo7tNHfFVSUTR0xS05dWzcU1HNKcGJTYBwZOudfR\nYBNDurGGGzRi9zTGpRTGVtpde2i58EaFvFe/ebCj0+IqOn05C8APp5n/1bPqYY2E\n6ZQiuV+QgjMIvIaEDgEXLm6c2NfAU8CqqmXCKK9QHax13wAAAIEA2HixfL0HtiTP\na/4N17mFpRWRms/4T3DJVDexDtJqG8XwZYgU+wDh30kkjjEOlcWJmqZLcC+skljt\nnHfq6qt6TzRNpMFCkEWgOhgmM+JjMsLg8Ou9YmM/8LwhcPg7H4hrbURaztmFAPPm\nIrsLkgmgUIWq4IIr+/7tPtWD7//FDDMAAAAAAQID\n-----END OPENSSH PRIVATE KEY-----\n",
            "private_key_pem": "-----BEGIN RSA PRIVATE KEY-----\nMIIEowIBAAKCAQEAzjxoZOhZV79U0kx3WAwtZ8CFMpaXqoNppGTUkCdX8IwOdj9h\nqCnWMD0C65owDD/z39lxJT0a2VTr17JRZiv0HEqWeMu7Q44XJikjQ07RZtEq8ZJb\n5ZvLKQkL2zq3aADgLLxMohyA/+KkaRRXIBKAB0GnMzZEmkyfAF46hCj4QzH3jGku\n3sVbQC6yzDedPJdmN6OIWnkXFLBd3+H1/M7pAvo+LP1FS9FihXpYvrGedBprbEZ4\nkGdMEhwqHHlil7vRr+3obXi3Q85x7rwBFH98qFj697GDhadMpx37/4dsg2ewM0CN\nBuzuESJEtXbI2MVY7YXkMNV9KMdVZnWq1HzvbQIDAQABAoIBAAyc1SWWsCAVq3JR\nCttvozc9Jug5HX1oHAXZxMYsIcysRBYnOim2pUq98HfILjgRkTCXc7v7SLER6HqA\nhUniVkOErD8m9oTjI7dJvMZZA6VuFVpAwS4BoSMZUohNxvmtVAhoW6duZtU/Xx6u\nB8YGW54V/cu7/eYR2YeEO7/pYYV6ZKmrAFjaCKmxc+0va69/7jSuhk68rk9yvUaf\ntBK67gtP/1BLQyQBN4dDHSeOvgsm0oFmNXlbBeNHC0yEfL/OVwz0WJANz6bfHu1P\ndoA0vcsPG8kPZiJEfOUwU+LPEB1AaPfdBN37lhvz/3x94QFLJrjQUkY1Byk0TBU0\nOqKHKGECgYEA8+U9cYChccVkidSXk4FOMkaO7TR3xVUlE0dMUtOXVs3FNRzSnBiU\n2AcGTrnX0WATQ7qxhhs0Yvc0xqUUxlbaXXtoufBGhbxXv3mwo9PiKjp9OQvAD6eZ\n/9Wz6mGNhOmUIrlfkIIzCLyGhA4BFy5unNjXwFPAqqplwiivUB2sdd8CgYEA2Hix\nfL0HtiTPa/4N17mFpRWRms/4T3DJVDexDtJqG8XwZYgU+wDh30kkjjEOlcWJmqZL\ncC+skljtnHfq6qt6TzRNpMFCkEWgOhgmM+JjMsLg8Ou9YmM/8LwhcPg7H4hrbURa\nztmFAPPmIrsLkgmgUIWq4IIr+/7tPtWD7//FDDMCgYAQXBQfBO3PX9o6lJQGROol\n3S3BI3/VMLzn6iRoeeDw5aSQx3opFk0FoJL/vN+JH9Sq+l7mC/UbnlFf8brPAwxq\nsNh5gHB6kAOiyFrc4l2NT5cOuIcNhcSCsKb81cZUYAabvat3WgRqVZsASKAyGd85\njiIKuJN33y4sM+ZujU8AKQKBgQCMPZTu9R/71tkyY4LgUWbNzq1oGHgML0ufbf0d\nVyA7If9eJ80/2BB9Mcum+w0x5qoBMN8KrTgmD8rQZbghlDpG+eGbbUEMaq8lM+P8\nFRyjFDHaoz8scJRKB/e6UncrNJw0S+Zwv+c0+M4NjhQu5mGgCRjtHigUt9FHtdgm\nMhOclQKBgAeAwckJgS80xHpzOyZm2jmNrrOxmz1xf/qWEVfzrwEZ1Igfo/vgWkce\nPeQNXAE5hLevOENBBpDxFGJj7rtYQ5AW5JN72nsmsfANDU3FvqE/AibsNQiOoSB9\nMmC3Jz2Ynqi6vgpKniWL+IMZvb8RNmuCKKuGlF7ZOZsFvzFCW94Y\n-----END RSA PRIVATE KEY-----\n",
            "private_key_pem_pkcs8": "-----BEGIN PRIVATE KEY-----\nMIIEvQIBADANBgkqhkiG9w0BAQEFAASCBKcwggSjAgEAAoIBAQDOPGhk6FlXv1TS\nTHdYDC1nwIUylpeqg2mkZNSQJ1fwjA52P2GoKdYwPQLrmjAMP/Pf2XElPRrZVOvX\nslFmK/QcSpZ4y7tDjhcmKSNDTtFm0Srxklvlm8spCQvbOrdoAOAsvEyiHID/4qRp\nFFcgEoAHQaczNkSaTJ8AXjqEKPhDMfeMaS7exVtALrLMN508l2Y3o4haeRcUsF3f\n4fX8zukC+j4s/UVL0WKFeli+sZ50GmtsRniQZ0wSHCoceWKXu9Gv7ehteLdDznHu\nvAEUf3yoWPr3sYOFp0ynHfv/h2yDZ7AzQI0G7O4RIkS1dsjYxVjtheQw1X0ox1Vm\ndarUfO9tAgMBAAECggEADJzVJZawIBWrclEK22+jNz0m6DkdfWgcBdnExiwhzKxE\nFic6KbalSr3wd8guOBGRMJdzu/tIsRHoeoCFSeJWQ4SsPyb2hOMjt0m8xlkDpW4V\nWkDBLgGhIxlSiE3G+a1UCGhbp25m1T9fHq4HxgZbnhX9y7v95hHZh4Q7v+lhhXpk\nqasAWNoIqbFz7S9rr3/uNK6GTryuT3K9Rp+0ErruC0//UEtDJAE3h0MdJ46+CybS\ngWY1eVsF40cLTIR8v85XDPRYkA3Ppt8e7U92gDS9yw8byQ9mIkR85TBT4s8QHUBo\n990E3fuWG/P/fH3hAUsmuNBSRjUHKTRMFTQ6oocoYQKBgQDz5T1xgKFxxWSJ1JeT\ngU4yRo7tNHfFVSUTR0xS05dWzcU1HNKcGJTYBwZOudfRYBNDurGGGzRi9zTGpRTG\nVtpde2i58EaFvFe/ebCj0+IqOn05C8APp5n/1bPqYY2E6ZQiuV+QgjMIvIaEDgEX\nLm6c2NfAU8CqqmXCKK9QHax13wKBgQDYeLF8vQe2JM9r/g3XuYWlFZGaz/hPcMlU\nN7EO0mobxfBliBT7AOHfSSSOMQ6VxYmapktwL6ySWO2cd+rqq3pPNE2kwUKQRaA6\nGCYz4mMywuDw671iYz/wvCFw+DsfiGttRFrO2YUA8+YiuwuSCaBQharggiv7/u0+\n1YPv/8UMMwKBgBBcFB8E7c9f2jqUlAZE6iXdLcEjf9UwvOfqJGh54PDlpJDHeikW\nTQWgkv+834kf1Kr6XuYL9RueUV/xus8DDGqw2HmAcHqQA6LIWtziXY1Plw64hw2F\nxIKwpvzVxlRgBpu9q3daBGpVmwBIoDIZ3zmOIgq4k3ffLiwz5m6NTwApAoGBAIw9\nlO71H/vW2TJjguBRZs3OrWgYeAwvS59t/R1XIDsh/14nzT/YEH0xy6b7DTHmqgEw\n3wqtOCYPytBluCGUOkb54ZttQQxqryUz4/wVHKMUMdqjPyxwlEoH97pSdys0nDRL\n5nC/5zT4zg2OFC7mYaAJGO0eKBS30Ue12CYyE5yVAoGAB4DByQmBLzTEenM7Jmba\nOY2us7GbPXF/+pYRV/OvARnUiB+j++BaRx495A1cATmEt684Q0EGkPEUYmPuu1hD\nkBbkk3vaeyax8A0NTcW+oT8CJuw1CI6hIH0yYLcnPZieqLq+CkqeJYv4gxm9vxE2\na4Ioq4aUXtk5mwW/MUJb3hg=\n-----END PRIVATE KEY-----\n",
            "public_key_fingerprint_md5": "2c:84:6c:3c:cc:1a:66:44:3e:e8:39:a4:b8:bf:db:28",
            "public_key_fingerprint_sha256": "SHA256:CHCrqhAnNsMeCSQjtKzvKjgcY0t3IS2sEu4yFjXMA9M",
            "public_key_openssh": "ssh-rsa AAAAB3NzaC1yc2EAAAADAQABAAABAQDOPGhk6FlXv1TSTHdYDC1nwIUylpeqg2mkZNSQJ1fwjA52P2GoKdYwPQLrmjAMP/Pf2XElPRrZVOvXslFmK/QcSpZ4y7tDjhcmKSNDTtFm0Srxklvlm8spCQvbOrdoAOAsvEyiHID/4qRpFFcgEoAHQaczNkSaTJ8AXjqEKPhDMfeMaS7exVtALrLMN508l2Y3o4haeRcUsF3f4fX8zukC+j4s/UVL0WKFeli+sZ50GmtsRniQZ0wSHCoceWKXu9Gv7ehteLdDznHuvAEUf3yoWPr3sYOFp0ynHfv/h2yDZ7AzQI0G7O4RIkS1dsjYxVjtheQw1X0ox1VmdarUfO9t\n",
            "public_key_pem": "-----BEGIN PUBLIC KEY-----\nMIIBIjANBgkqhkiG9w0BAQEFAAOCAQ8AMIIBCgKCAQEAzjxoZOhZV79U0kx3WAwt\nZ8CFMpaXqoNppGTUkCdX8IwOdj9hqCnWMD0C65owDD/z39lxJT0a2VTr17JRZiv0\nHEqWeMu7Q44XJikjQ07RZtEq8ZJb5ZvLKQkL2zq3aADgLLxMohyA/+KkaRRXIBKA\nB0GnMzZEmkyfAF46hCj4QzH3jGku3sVbQC6yzDedPJdmN6OIWnkXFLBd3+H1/M7p\nAvo+LP1FS9FihXpYvrGedBprbEZ4kGdMEhwqHHlil7vRr+3obXi3Q85x7rwBFH98\nqFj697GDhadMpx37/4dsg2ewM0CNBuzuESJEtXbI2MVY7YXkMNV9KMdVZnWq1Hzv\nbQIDAQAB\n-----END PUBLIC KEY-----\n",
            "rsa_bits": 2048
          },
          "sensitive_attributes": []
        }
      ]
    }
  ],
  "check_results": null
}
